Microsoft Visual Studio Solution File, Format Version 12.00
# Visual Studio Version 16
VisualStudioVersion = 16.0.32602.291
MinimumVisualStudioVersion = 10.0.40219.1
Project("{FAE04EC0-301F-11D3-BF4B-00C04F79EFBC}") = "RockPaperScissors", "RockPaperScissors.csproj", "{E555CE25-B18E-47E1-9429-758E60190990}"
EndProject
Project("{2150E333-8FDC-42A3-9474-1A3956D46DE8}") = "Solution Items", "Solution Items", "{F626EAD9-92C5-4785-AF21-8640DEFACA4A}"
	ProjectSection(SolutionItems) = preProject
		README.md = README.md
	EndProjectSection
EndProject
Project("{FAE04EC0-301F-11D3-BF4B-00C04F79EFBC}") = "RockPaperScissors.Test", "..\RockPaperScissors.Test\RockPaperScissors.Test.csproj", "{042DD186-0CA1-4E20-BA04-D084738B44E2}"
	ProjectSection(ProjectDependencies) = postProject
		{E555CE25-B18E-47E1-9429-758E60190990} = {E555CE25-B18E-47E1-9429-758E60190990}
	EndProjectSection
EndProject
Global
	GlobalSection(SolutionConfigurationPlatforms) = preSolution
		Debug|Any CPU = Debug|Any CPU
		Debug|x86 = Debug|x86
		Release|Any CPU = Release|Any CPU
		Release|x86 = Release|x86
	EndGlobalSection
	GlobalSection(ProjectConfigurationPlatforms) = postSolution
		{E555CE25-B18E-47E1-9429-758E60190990}.Debug|Any CPU.ActiveCfg = Debug|x86
		{E555CE25-B18E-47E1-9429-758E60190990}.Debug|x86.ActiveCfg = Debug|x86
		{E555CE25-B18E-47E1-9429-758E60190990}.Debug|x86.Build.0 = Debug|x86
		{E555CE25-B18E-47E1-9429-758E60190990}.Release|Any CPU.ActiveCfg = Release|x86
		{E555CE25-B18E-47E1-9429-758E60190990}.Release|x86.ActiveCfg = Release|x86
		{E555CE25-B18E-47E1-9429-758E60190990}.Release|x86.Build.0 = Release|x86
		{042DD186-0CA1-4E20-BA04-D084738B44E2}.Debug|Any CPU.ActiveCfg = Debug|Any CPU
		{042DD186-0CA1-4E20-BA04-D084738B44E2}.Debug|Any CPU.Build.0 = Debug|Any CPU
		{042DD186-0CA1-4E20-BA04-D084738B44E2}.Debug|x86.ActiveCfg = Debug|Any CPU
		{042DD186-0CA1-4E20-BA04-D084738B44E2}.Debug|x86.Build.0 = Debug|Any CPU
		{042DD186-0CA1-4E20-BA04-D084738B44E2}.Release|Any CPU.ActiveCfg = Release|Any CPU
		{042DD186-0CA1-4E20-BA04-D084738B44E2}.Release|Any CPU.Build.0 = Release|Any CPU
		{042DD186-0CA1-4E20-BA04-D084738B44E2}.Release|x86.ActiveCfg = Release|Any CPU
		{042DD186-0CA1-4E20-BA04-D084738B44E2}.Release|x86.Build.0 = Release|Any CPU
	EndGlobalSection
	GlobalSection(SolutionProperties) = preSolution
		HideSolutionNode = FALSE
	EndGlobalSection
	GlobalSection(ExtensibilityGlobals) = postSolution
		SolutionGuid = {F10671C7-E11B-4302-850A-C18CB55598D0}
	EndGlobalSection
EndGlobal
